
Microsoft Visual Studio Solution File, Format Version 12.00
# Visual Studio Version 17
VisualStudioVersion = 17.14.36127.28 d17.14
MinimumVisualStudioVersion = 10.0.40219.1
Project("{FAE04EC0-301F-11D3-BF4B-00C04F79EFBC}") = "MVC_CV", "MVC_CV\MVC_CV.csproj", "{B59F7425-7912-49A1-9D1D-942207FB7A5B}"
EndProject
Global
	GlobalSection(SolutionConfigurationPlatforms) = preSolution
		Debug|Any CPU = Debug|Any CPU
		Release|Any CPU = Release|Any CPU
	EndGlobalSection
	GlobalSection(ProjectConfigurationPlatforms) = postSolution
		{B59F7425-7912-49A1-9D1D-942207FB7A5B}.Debug|Any CPU.ActiveCfg = Debug|Any CPU
		{B59F7425-7912-49A1-9D1D-942207FB7A5B}.Debug|Any CPU.Build.0 = Debug|Any CPU
		{B59F7425-7912-49A1-9D1D-942207FB7A5B}.Release|Any CPU.ActiveCfg = Release|Any CPU
		{B59F7425-7912-49A1-9D1D-942207FB7A5B}.Release|Any CPU.Build.0 = Release|Any CPU
	EndGlobalSection
	GlobalSection(SolutionProperties) = preSolution
		HideSolutionNode = FALSE
	EndGlobalSection
	GlobalSection(ExtensibilityGlobals) = postSolution
		SolutionGuid = {C0B9A03E-2A64-417B-84B2-2E6593B4C876}
	EndGlobalSection
EndGlobal
